
Microsoft Visual Studio Solution File, Format Version 12.00
# Visual Studio Version 17
VisualStudioVersion = 17.4.33403.182
MinimumVisualStudioVersion = 10.0.40219.1
Project("{FAE04EC0-301F-11D3-BF4B-00C04F79EFBC}") = "terraform webapp", "terraform webapp\terraform webapp.csproj", "{80CEB837-F22A-42BB-ACE8-80942F8BD8B3}"
EndProject
Global
	GlobalSection(SolutionConfigurationPlatforms) = preSolution
		Debug|Any CPU = Debug|Any CPU
		Release|Any CPU = Release|Any CPU
	EndGlobalSection
	GlobalSection(ProjectConfigurationPlatforms) = postSolution
		{80CEB837-F22A-42BB-ACE8-80942F8BD8B3}.Debug|Any CPU.ActiveCfg = Debug|Any CPU
		{80CEB837-F22A-42BB-ACE8-80942F8BD8B3}.Debug|Any CPU.Build.0 = Debug|Any CPU
		{80CEB837-F22A-42BB-ACE8-80942F8BD8B3}.Release|Any CPU.ActiveCfg = Release|Any CPU
		{80CEB837-F22A-42BB-ACE8-80942F8BD8B3}.Release|Any CPU.Build.0 = Release|Any CPU
	EndGlobalSection
	GlobalSection(SolutionProperties) = preSolution
		HideSolutionNode = FALSE
	EndGlobalSection
	GlobalSection(ExtensibilityGlobals) = postSolution
		SolutionGuid = {E1563BCD-8EA1-4E18-9653-B1228669D6CB}
	EndGlobalSection
EndGlobal
